
Microsoft Visual Studio Solution File, Format Version 12.00
# Visual Studio 15
VisualStudioVersion = 15.0.28307.329
MinimumVisualStudioVersion = 10.0.40219.1
Project("{FAE04EC0-301F-11D3-BF4B-00C04F79EFBC}") = "pv03_1701266_RanttyGantini", "pv03_nim_nama\pv03_1701266_RanttyGantini.csproj", "{D6A7444D-3640-46C8-90BF-477E7C6F13FA}"
EndProject
Global
	GlobalSection(SolutionConfigurationPlatforms) = preSolution
		Debug|Any CPU = Debug|Any CPU
		Release|Any CPU = Release|Any CPU
	EndGlobalSection
	GlobalSection(ProjectConfigurationPlatforms) = postSolution
		{D6A7444D-3640-46C8-90BF-477E7C6F13FA}.Debug|Any CPU.ActiveCfg = Debug|Any CPU
		{D6A7444D-3640-46C8-90BF-477E7C6F13FA}.Debug|Any CPU.Build.0 = Debug|Any CPU
		{D6A7444D-3640-46C8-90BF-477E7C6F13FA}.Release|Any CPU.ActiveCfg = Release|Any CPU
		{D6A7444D-3640-46C8-90BF-477E7C6F13FA}.Release|Any CPU.Build.0 = Release|Any CPU
	EndGlobalSection
	GlobalSection(SolutionProperties) = preSolution
		HideSolutionNode = FALSE
	EndGlobalSection
	GlobalSection(ExtensibilityGlobals) = postSolution
		SolutionGuid = {2C8ADFDD-F1BC-4FAA-BD47-A8E7780249E5}
	EndGlobalSection
EndGlobal
